schema: '2.0'
stages:
  load_data:
    cmd: python src/load_data.py --config=params.yaml
    deps:
    - path: data_given/Final_data.csv
      md5: f52d5bbf1219b576fae0fee6e79193bf
      size: 244328
    - path: src/get_data.py
      md5: c14cb8b2c387528f1a3bd23c425262e1
      size: 676
    - path: src/load_data.py
      md5: f4c573d2394beb2b92a934c2a272e13f
      size: 659
    outs:
    - path: data/raw/Final_data.csv
      md5: 9b6652043214de2d28922c9104207fea
      size: 244328
  split_data:
    cmd: python src/split_data.py --config=params.yaml
    deps:
    - path: data/raw/Final_data.csv
      md5: 9b6652043214de2d28922c9104207fea
      size: 244328
    - path: src/split_data.py
      md5: 6ddc5e9782898b12bb6c33c009bfa35c
      size: 1094
    outs:
    - path: data/processed/test_Final_data.csv
      md5: 254091ec130899b60dd18bbfc6188019
      size: 48944
    - path: data/processed/train_Final_data.csv
      md5: d3413a0b2fde40b870346a8433747312
      size: 195489
  train_and_evaluate:
    cmd: python src/train_and_evaluate.py --config=params.yaml
    deps:
    - path: data/processed/test_Final_data.csv
      md5: 254091ec130899b60dd18bbfc6188019
      size: 48944
    - path: data/processed/train_Final_data.csv
      md5: d3413a0b2fde40b870346a8433747312
      size: 195489
    - path: src/train_and_evaluate.py
      md5: 27edec26e506b57c5b6f36b993a6577c
      size: 2587
    params:
      params.yaml:
        estimators.ElasticNet.params.alpha: 0.03516461423854359
        estimators.ElasticNet.params.l1_ratio: 0.62
  log_production_model:
    cmd: python src/log_production_model.py --config=params.yaml
    deps:
    - path: src/log_production_model.py
      md5: 66dd3566ea79f25f9f7b04a7b8908f66
      size: 1772
